// !$*UTF8*$!
{
	archiveVersion = 1;
	classes = {
	};
	objectVersion = 50;
	objects = {

/* Begin PBXBuildFile section */
		D1481EF9220E06F000879172 /* Login.swift in Sources */ = {isa = PBXBuildFile; fileRef = D1481EF8220E06F000879172 /* Login.swift */; };
		D1481EFE220E177600879172 /* Registrati.swift in Sources */ = {isa = PBXBuildFile; fileRef = D1481EFD220E177600879172 /* Registrati.swift */; };
		D14CB7BC220D7E0F0041012E /* AppDelegate.swift in Sources */ = {isa = PBXBuildFile; fileRef = D14CB7BB220D7E0F0041012E /* AppDelegate.swift */; };
		D14CB7BE220D7E0F0041012E /* ViewController.swift in Sources */ = {isa = PBXBuildFile; fileRef = D14CB7BD220D7E0F0041012E /* ViewController.swift */; };
		D14CB7C1220D7E0F0041012E /* Main.storyboard in Resources */ = {isa = PBXBuildFile; fileRef = D14CB7BF220D7E0F0041012E /* Main.storyboard */; };
		D14CB7C4220D7E0F0041012E /* istamusic.xcdatamodeld in Sources */ = {isa = PBXBuildFile; fileRef = D14CB7C2220D7E0F0041012E /* istamusic.xcdatamodeld */; };
		D14CB7C6220D7E0F0041012E /* Assets.xcassets in Resources */ = {isa = PBXBuildFile; fileRef = D14CB7C5220D7E0F0041012E /* Assets.xcassets */; };
		D14CB7C9220D7E0F0041012E /* LaunchScreen.storyboard in Resources */ = {isa = PBXBuildFile; fileRef = D14CB7C7220D7E0F0041012E /* LaunchScreen.storyboard */; };
/* End PBXBuildFile section */

/* Begin PBXFileReference section */
		D1481EF8220E06F000879172 /* Login.swift */ = {isa = PBXFileReference; lastKnownFileType = sourcecode.swift; path = Login.swift; sourceTree = "<group>"; };
		D1481EFD220E177600879172 /* Registrati.swift */ = {isa = PBXFileReference; lastKnownFileType = sourcecode.swift; path = Registrati.swift; sourceTree = "<group>"; };
		D14CB7B8220D7E0F0041012E /* istamusic.app */ = {isa = PBXFileReference; explicitFileType = wrapper.application; includeInIndex = 0; path = istamusic.app; sourceTree = BUILT_PRODUCTS_DIR; };
		D14CB7BB220D7E0F0041012E /* AppDelegate.swift */ = {isa = PBXFileReference; lastKnownFileType = sourcecode.swift; path = AppDelegate.swift; sourceTree = "<group>"; };
		D14CB7BD220D7E0F0041012E /* ViewController.swift */ = {isa = PBXFileReference; lastKnownFileType = sourcecode.swift; path = ViewController.swift; sourceTree = "<group>"; };
		D14CB7C0220D7E0F0041012E /* Base */ = {isa = PBXFileReference; lastKnownFileType = file.storyboard; name = Base; path = Base.lproj/Main.storyboard; sourceTree = "<group>"; };
		D14CB7C3220D7E0F0041012E /* istamusic.xcdatamodel */ = {isa = PBXFileReference; lastKnownFileType = wrapper.xcdatamodel; path = istamusic.xcdatamodel; sourceTree = "<group>"; };
		D14CB7C5220D7E0F0041012E /* Assets.xcassets */ = {isa = PBXFileReference; lastKnownFileType = folder.assetcatalog; path = Assets.xcassets; sourceTree = "<group>"; };
		D14CB7C8220D7E0F0041012E /* Base */ = {isa = PBXFileReference; lastKnownFileType = file.storyboard; name = Base; path = Base.lproj/LaunchScreen.storyboard; sourceTree = "<group>"; };
		D14CB7CA220D7E0F0041012E /* Info.plist */ = {isa = PBXFileReference; lastKnownFileType = text.plist.xml; path = Info.plist; sourceTree = "<group>"; };
/* End PBXFileReference section */

/* Begin PBXFrameworksBuildPhase section */
		D14CB7B5220D7E0F0041012E /* Frameworks */ = {
			isa = PBXFrameworksBuildPhase;
			buildActionMask = 2147483647;
			files = (
			);
			runOnlyForDeploymentPostprocessing = 0;
		};
/* End PBXFrameworksBuildPhase section */

/* Begin PBXGroup section */
		D14CB7AF220D7E0F0041012E = {
			isa = PBXGroup;
			children = (
				D14CB7BA220D7E0F0041012E /* istamusic */,
				D14CB7B9220D7E0F0041012E /* Products */,
			);
			sourceTree = "<group>";
		};
		D14CB7B9220D7E0F0041012E /* Products */ = {
			isa = PBXGroup;
			children = (
				D14CB7B8220D7E0F0041012E /* istamusic.app */,
			);
			name = Products;
			sourceTree = "<group>";
		};
		D14CB7BA220D7E0F0041012E /* istamusic */ = {
			isa = PBXGroup;
			children = (
				D14CB7BB220D7E0F0041012E /* AppDelegate.swift */,
				D14CB7BD220D7E0F0041012E /* ViewController.swift */,
				D14CB7BF220D7E0F0041012E /* Main.storyboard */,
				D14CB7C5220D7E0F0041012E /* Assets.xcassets */,
				D14CB7C7220D7E0F0041012E /* LaunchScreen.storyboard */,
				D14CB7CA220D7E0F0041012E /* Info.plist */,
				D14CB7C2220D7E0F0041012E /* istamusic.xcdatamodeld */,
				D1481EFD220E177600879172 /* Registrati.swift */,
				D1481EF8220E06F000879172 /* Login.swift */,
			);
			path = istamusic;
			sourceTree = "<group>";
		};
/* End PBXGroup section */

/* Begin PBXNativeTarget section */
		D14CB7B7220D7E0F0041012E /* istamusic */ = {
			isa = PBXNativeTarget;
			buildConfigurationList = D14CB7CD220D7E0F0041012E /* Build configuration list for PBXNativeTarget "istamusic" */;
			buildPhases = (
				D14CB7B4220D7E0F0041012E /* Sources */,
				D14CB7B5220D7E0F0041012E /* Frameworks */,
				D14CB7B6220D7E0F0041012E /* Resources */,
			);
			buildRules = (
			);
			dependencies = (
			);
			name = istamusic;
			productName = istamusic;
			productReference = D14CB7B8220D7E0F0041012E /* istamusic.app */;
			productType = "com.apple.product-type.application";
		};
/* End PBXNativeTarget section */

/* Begin PBXProject section */
		D14CB7B0220D7E0F0041012E /* Project object */ = {
			isa = PBXProject;
			attributes = {
				LastSwiftUpdateCheck = 1010;
				LastUpgradeCheck = 1010;
				ORGANIZATIONNAME = "Creative Team";
				TargetAttributes = {
					D14CB7B7220D7E0F0041012E = {
						CreatedOnToolsVersion = 10.1;
					};
				};
			};
			buildConfigurationList = D14CB7B3220D7E0F0041012E /* Build configuration list for PBXProject "istamusic" */;
			compatibilityVersion = "Xcode 9.3";
			developmentRegion = en;
			hasScannedForEncodings = 0;
			knownRegions = (
				en,
				Base,
			);
			mainGroup = D14CB7AF220D7E0F0041012E;
			productRefGroup = D14CB7B9220D7E0F0041012E /* Products */;
			projectDirPath = "";
			projectRoot = "";
			targets = (
				D14CB7B7220D7E0F0041012E /* istamusic */,
			);
		};
/* End PBXProject section */

/* Begin PBXResourcesBuildPhase section */
		D14CB7B6220D7E0F0041012E /* Resources */ = {
			isa = PBXResourcesBuildPhase;
			buildActionMask = 2147483647;
			files = (
				D14CB7C9220D7E0F0041012E /* LaunchScreen.storyboard in Resources */,
				D14CB7C6220D7E0F0041012E /* Assets.xcassets in Resources */,
				D14CB7C1220D7E0F0041012E /* Main.storyboard in Resources */,
			);
			runOnlyForDeploymentPostprocessing = 0;
		};
/* End PBXResourcesBuildPhase section */

/* Begin PBXSourcesBuildPhase section */
		D14CB7B4220D7E0F0041012E /* Sources */ = {
			isa = PBXSourcesBuildPhase;
			buildActionMask = 2147483647;
			files = (
				D14CB7BE220D7E0F0041012E /* ViewController.swift in Sources */,
				D14CB7C4220D7E0F0041012E /* istamusic.xcdatamodeld in Sources */,
				D14CB7BC220D7E0F0041012E /* AppDelegate.swift in Sources */,
				D1481EF9220E06F000879172 /* Login.swift in Sources */,
				D1481EFE220E177600879172 /* Registrati.swift in Sources */,
			);
			runOnlyForDeploymentPostprocessing = 0;
		};
/* End PBXSourcesBuildPhase section */

/* Begin PBXVariantGroup section */
		D14CB7BF220D7E0F0041012E /* Main.storyboard */ = {
			isa = PBXVariantGroup;
			children = (
				D14CB7C0220D7E0F0041012E /* Base */,
			);
			name = Main.storyboard;
			sourceTree = "<group>";
		};
		D14CB7C7220D7E0F0041012E /* LaunchScreen.storyboard */ = {
			isa = PBXVariantGroup;
			children = (
				D14CB7C8220D7E0F0041012E /* Base */,
			);
			name = LaunchScreen.storyboard;
			sourceTree = "<group>";
		};
/* End PBXVariantGroup section */

/* Begin XCBuildConfiguration section */
		D14CB7CB220D7E0F0041012E /* Debug */ = {
			isa = XCBuildConfiguration;
			buildSettings = {
				ALWAYS_SEARCH_USER_PATHS = NO;
				CLANG_ANALYZER_NONNULL = YES;
				CLANG_ANALYZER_NUMBER_OBJECT_CONVERSION = YES_AGGRESSIVE;
				CLANG_CXX_LANGUAGE_STANDARD = "gnu++14";
				CLANG_CXX_LIBRARY = "libc++";
				CLANG_ENABLE_MODULES = YES;
				CLANG_ENABLE_OBJC_ARC = YES;
				CLANG_ENABLE_OBJC_WEAK = YES;
				CLANG_WARN_BLOCK_CAPTURE_AUTORELEASING = YES;
				CLANG_WARN_BOOL_CONVERSION = YES;
				CLANG_WARN_COMMA = YES;
				CLANG_WARN_CONSTANT_CONVERSION = YES;
				CLANG_WARN_DEPRECATED_OBJC_IMPLEMENTATIONS = YES;
				CLANG_WARN_DIRECT_OBJC_ISA_USAGE = YES_ERROR;
				CLANG_WARN_DOCUMENTATION_COMMENTS = YES;
				CLANG_WARN_EMPTY_BODY = YES;
				CLANG_WARN_ENUM_CONVERSION = YES;
				CLANG_WARN_INFINITE_RECURSION = YES;
				CLANG_WARN_INT_CONVERSION = YES;
				CLANG_WARN_NON_LITERAL_NULL_CONVERSION = YES;
				CLANG_WARN_OBJC_IMPLICIT_RETAIN_SELF = YES;
				CLANG_WARN_OBJC_LITERAL_CONVERSION = YES;
				CLANG_WARN_OBJC_ROOT_CLASS = YES_ERROR;
				CLANG_WARN_RANGE_LOOP_ANALYSIS = YES;
				CLANG_WARN_STRICT_PROTOTYPES = YES;
				CLANG_WARN_SUSPICIOUS_MOVE = YES;
				CLANG_WARN_UNGUARDED_AVAILABILITY = YES_AGGRESSIVE;
				CLANG_WARN_UNREACHABLE_CODE = YES;
				CLANG_WARN__DUPLICATE_METHOD_MATCH = YES;
				CODE_SIGN_IDENTITY = "iPhone Developer";
				COPY_PHASE_STRIP = NO;
				DEBUG_INFORMATION_FORMAT = dwarf;
				ENABLE_STRICT_OBJC_MSGSEND = YES;
				ENABLE_TESTABILITY = YES;
				GCC_C_LANGUAGE_STANDARD = gnu11;
				GCC_DYNAMIC_NO_PIC = NO;
				GCC_NO_COMMON_BLOCKS = YES;
				GCC_OPTIMIZATION_LEVEL = 0;
				GCC_PREPROCESSOR_DEFINITIONS = (
					"DEBUG=1",
					"$(inherited)",
				);
				GCC_WARN_64_TO_32_BIT_CONVERSION = YES;
				GCC_WARN_ABOUT_RETURN_TYPE = YES_ERROR;
				GCC_WARN_UNDECLARED_SELECTOR = YES;
				GCC_WARN_UNINITIALIZED_AUTOS = YES_AGGRESSIVE;
				GCC_WARN_UNUSED_FUNCTION = YES;
				GCC_WARN_UNUSED_VARIABLE = YES;
				IPHONEOS_DEPLOYMENT_TARGET = 12.1;
				MTL_ENABLE_DEBUG_INFO = INCLUDE_SOURCE;
				MTL_FAST_MATH = YES;
				ONLY_ACTIVE_ARCH = YES;
				SDKROOT = iphoneos;
				SWIFT_ACTIVE_COMPILATION_CONDITIONS = DEBUG;
				SWIFT_OPTIMIZATION_LEVEL = "-Onone";
			};
			name = Debug;
		};
		D14CB7CC220D7E0F0041012E /* Release */ = {
			isa = XCBuildConfiguration;
			buildSettings = {
				ALWAYS_SEARCH_USER_PATHS = NO;
				CLANG_ANALYZER_NONNULL = YES;
				CLANG_ANALYZER_NUMBER_OBJECT_CONVERSION = YES_AGGRESSIVE;
				CLANG_CXX_LANGUAGE_STANDARD = "gnu++14";
				CLANG_CXX_LIBRARY = "libc++";
				CLANG_ENABLE_MODULES = YES;
				CLANG_ENABLE_OBJC_ARC = YES;
				CLANG_ENABLE_OBJC_WEAK = YES;
				CLANG_WARN_BLOCK_CAPTURE_AUTORELEASING = YES;
				CLANG_WARN_BOOL_CONVERSION = YES;
				CLANG_WARN_COMMA = YES;
				CLANG_WARN_CONSTANT_CONVERSION = YES;
				CLANG_WARN_DEPRECATED_OBJC_IMPLEMENTATIONS = YES;
				CLANG_WARN_DIRECT_OBJC_ISA_USAGE = YES_ERROR;
				CLANG_WARN_DOCUMENTATION_COMMENTS = YES;
				CLANG_WARN_EMPTY_BODY = YES;
				CLANG_WARN_ENUM_CONVERSION = YES;
				CLANG_WARN_INFINITE_RECURSION = YES;
				CLANG_WARN_INT_CONVERSION = YES;
				CLANG_WARN_NON_LITERAL_NULL_CONVERSION = YES;
				CLANG_WARN_OBJC_IMPLICIT_RETAIN_SELF = YES;
				CLANG_WARN_OBJC_LITERAL_CONVERSION = YES;
				CLANG_WARN_OBJC_ROOT_CLASS = YES_ERROR;
				CLANG_WARN_RANGE_LOOP_ANALYSIS = YES;
				CLANG_WARN_STRICT_PROTOTYPES = YES;
				CLANG_WARN_SUSPICIOUS_MOVE = YES;
				CLANG_WARN_UNGUARDED_AVAILABILITY = YES_AGGRESSIVE;
				CLANG_WARN_UNREACHABLE_CODE = YES;
				CLANG_WARN__DUPLICATE_METHOD_MATCH = YES;
				CODE_SIGN_IDENTITY = "iPhone Developer";
				COPY_PHASE_STRIP = NO;
				DEBUG_INFORMATION_FORMAT = "dwarf-with-dsym";
				ENABLE_NS_ASSERTIONS = NO;
				ENABLE_STRICT_OBJC_MSGSEND = YES;
				GCC_C_LANGUAGE_STANDARD = gnu11;
				GCC_NO_COMMON_BLOCKS = YES;
				GCC_WARN_64_TO_32_BIT_CONVERSION = YES;
				GCC_WARN_ABOUT_RETURN_TYPE = YES_ERROR;
				GCC_WARN_UNDECLARED_SELECTOR = YES;
				GCC_WARN_UNINITIALIZED_AUTOS = YES_AGGRESSIVE;
				GCC_WARN_UNUSED_FUNCTION = YES;
				GCC_WARN_UNUSED_VARIABLE = YES;
				IPHONEOS_DEPLOYMENT_TARGET = 12.1;
				MTL_ENABLE_DEBUG_INFO = NO;
				MTL_FAST_MATH = YES;
				SDKROOT = iphoneos;
				SWIFT_COMPILATION_MODE = wholemodule;
				SWIFT_OPTIMIZATION_LEVEL = "-O";
				VALIDATE_PRODUCT = YES;
			};
			name = Release;
		};
		D14CB7CE220D7E0F0041012E /* Debug */ = {
			isa = XCBuildConfiguration;
			buildSettings = {
				ASSETCATALOG_COMPILER_APPICON_NAME = AppIcon;
				CODE_SIGN_STYLE = Automatic;
				INFOPLIST_FILE = istamusic/Info.plist;
				LD_RUNPATH_SEARCH_PATHS = (
					"$(inherited)",
					"@executable_path/Frameworks",
				);
				PRODUCT_BUNDLE_IDENTIFIER = creativeteam.istamusic;
				PRODUCT_NAME = "$(TARGET_NAME)";
				SWIFT_VERSION = 4.2;
				TARGETED_DEVICE_FAMILY = "1,2";
			};
			name = Debug;
		};
		D14CB7CF220D7E0F0041012E /* Release */ = {
			isa = XCBuildConfiguration;
			buildSettings = {
				ASSETCATALOG_COMPILER_APPICON_NAME = AppIcon;
				CODE_SIGN_STYLE = Automatic;
				INFOPLIST_FILE = istamusic/Info.plist;
				LD_RUNPATH_SEARCH_PATHS = (
					"$(inherited)",
					"@executable_path/Frameworks",
				);
				PRODUCT_BUNDLE_IDENTIFIER = creativeteam.istamusic;
				PRODUCT_NAME = "$(TARGET_NAME)";
				SWIFT_VERSION = 4.2;
				TARGETED_DEVICE_FAMILY = "1,2";
			};
			name = Release;
		};
/* End XCBuildConfiguration section */

/* Begin XCConfigurationList section */
		D14CB7B3220D7E0F0041012E /* Build configuration list for PBXProject "istamusic" */ = {
			isa = XCConfigurationList;
			buildConfigurations = (
				D14CB7CB220D7E0F0041012E /* Debug */,
				D14CB7CC220D7E0F0041012E /* Release */,
			);
			defaultConfigurationIsVisible = 0;
			defaultConfigurationName = Release;
		};
		D14CB7CD220D7E0F0041012E /* Build configuration list for PBXNativeTarget "istamusic" */ = {
			isa = XCConfigurationList;
			buildConfigurations = (
				D14CB7CE220D7E0F0041012E /* Debug */,
				D14CB7CF220D7E0F0041012E /* Release */,
			);
			defaultConfigurationIsVisible = 0;
			defaultConfigurationName = Release;
		};
/* End XCConfigurationList section */

/* Begin XCVersionGroup section */
		D14CB7C2220D7E0F0041012E /* istamusic.xcdatamodeld */ = {
			isa = XCVersionGroup;
			children = (
				D14CB7C3220D7E0F0041012E /* istamusic.xcdatamodel */,
			);
			currentVersion = D14CB7C3220D7E0F0041012E /* istamusic.xcdatamodel */;
			path = istamusic.xcdatamodeld;
			sourceTree = "<group>";
			versionGroupType = wrapper.xcdatamodel;
		};
/* End XCVersionGroup section */
	};
	rootObject = D14CB7B0220D7E0F0041012E /* Project object */;
}
