// !$*UTF8*$!
{
	archiveVersion = 1;
	classes = {
	};
	objectVersion = 50;
	objects = {

/* Begin PBXBuildFile section */
		834F5F3E221571740077326C /* MapView.swift in Sources */ = {isa = PBXBuildFile; fileRef = 834F5F3D221571740077326C /* MapView.swift */; };
		D1481EF9220E06F000879172 /* LoginView.swift in Sources */ = {isa = PBXBuildFile; fileRef = D1481EF8220E06F000879172 /* LoginView.swift */; };
		D1481EFE220E177600879172 /* RegistratiView.swift in Sources */ = {isa = PBXBuildFile; fileRef = D1481EFD220E177600879172 /* RegistratiView.swift */; };
		D14CB7BC220D7E0F0041012E /* AppDelegate.swift in Sources */ = {isa = PBXBuildFile; fileRef = D14CB7BB220D7E0F0041012E /* AppDelegate.swift */; };
		D14CB7BE220D7E0F0041012E /* ViewController.swift in Sources */ = {isa = PBXBuildFile; fileRef = D14CB7BD220D7E0F0041012E /* ViewController.swift */; };
		D14CB7C1220D7E0F0041012E /* Main.storyboard in Resources */ = {isa = PBXBuildFile; fileRef = D14CB7BF220D7E0F0041012E /* Main.storyboard */; };
		D14CB7C4220D7E0F0041012E /* istamusic.xcdatamodeld in Sources */ = {isa = PBXBuildFile; fileRef = D14CB7C2220D7E0F0041012E /* istamusic.xcdatamodeld */; };
		D14CB7C6220D7E0F0041012E /* Assets.xcassets in Resources */ = {isa = PBXBuildFile; fileRef = D14CB7C5220D7E0F0041012E /* Assets.xcassets */; };
		D14CB7C9220D7E0F0041012E /* LaunchScreen.storyboard in Resources */ = {isa = PBXBuildFile; fileRef = D14CB7C7220D7E0F0041012E /* LaunchScreen.storyboard */; };
		D1D1C4EF220F21E70050014B /* CercaView.swift in Sources */ = {isa = PBXBuildFile; fileRef = D1D1C4EE220F21E70050014B /* CercaView.swift */; };
		D1D1C4F1220F259D0050014B /* TableSingleCellCerca.swift in Sources */ = {isa = PBXBuildFile; fileRef = D1D1C4F0220F259D0050014B /* TableSingleCellCerca.swift */; };
		D1D1C4F3220F2C4B0050014B /* Band.swift in Sources */ = {isa = PBXBuildFile; fileRef = D1D1C4F2220F2C4B0050014B /* Band.swift */; };
		D1D1C4F5220F2E680050014B /* Evento.swift in Sources */ = {isa = PBXBuildFile; fileRef = D1D1C4F4220F2E680050014B /* Evento.swift */; };
		D1D1C4F7220F2EBE0050014B /* Recensione.swift in Sources */ = {isa = PBXBuildFile; fileRef = D1D1C4F6220F2EBE0050014B /* Recensione.swift */; };
		D1D1C4FA22107EF50050014B /* DataBase.swift in Sources */ = {isa = PBXBuildFile; fileRef = D1D1C4F922107EF50050014B /* DataBase.swift */; };
		D1D1C4FC221191F80050014B /* EventiView.swift in Sources */ = {isa = PBXBuildFile; fileRef = D1D1C4FB221191F80050014B /* EventiView.swift */; };
		D1D1C50C2211F29E0050014B /* TableSingleGiornoEventi.swift in Sources */ = {isa = PBXBuildFile; fileRef = D1D1C50B2211F29E0050014B /* TableSingleGiornoEventi.swift */; };
		D1D1C50E2211F2C30050014B /* TableSingleCellEventi.swift in Sources */ = {isa = PBXBuildFile; fileRef = D1D1C50D2211F2C30050014B /* TableSingleCellEventi.swift */; };
		D1D1C510221421A40050014B /* CollectionViewSingleCell.swift in Sources */ = {isa = PBXBuildFile; fileRef = D1D1C50F221421A40050014B /* CollectionViewSingleCell.swift */; };
		D1D1C5122214229F0050014B /* BandView.swift in Sources */ = {isa = PBXBuildFile; fileRef = D1D1C5112214229F0050014B /* BandView.swift */; };
		D1DE7F462215651100F61556 /* DettaglioBandView.swift in Sources */ = {isa = PBXBuildFile; fileRef = D1DE7F452215651100F61556 /* DettaglioBandView.swift */; };
		D1DE7F482215A89D00F61556 /* TableSingleCellRecensioni.swift in Sources */ = {isa = PBXBuildFile; fileRef = D1DE7F472215A89D00F61556 /* TableSingleCellRecensioni.swift */; };
		D1DE7F4B2215C88300F61556 /* MapKit.framework in Frameworks */ = {isa = PBXBuildFile; fileRef = D1DE7F4A2215C88300F61556 /* MapKit.framework */; };
		D1DE7F4D2216F6D100F61556 /* CreaEventoView.swift in Sources */ = {isa = PBXBuildFile; fileRef = D1DE7F4C2216F6D100F61556 /* CreaEventoView.swift */; };
		D1DE7F4F2216FFBE00F61556 /* ScriviRecensioneView.swift in Sources */ = {isa = PBXBuildFile; fileRef = D1DE7F4E2216FFBE00F61556 /* ScriviRecensioneView.swift */; };
		D1DE7F51221988A700F61556 /* Utente.swift in Sources */ = {isa = PBXBuildFile; fileRef = D1DE7F50221988A700F61556 /* Utente.swift */; };
		D1DE7F5322198A1000F61556 /* GestoreUtente.swift in Sources */ = {isa = PBXBuildFile; fileRef = D1DE7F5222198A1000F61556 /* GestoreUtente.swift */; };
/* End PBXBuildFile section */

/* Begin PBXFileReference section */
		834F5F3D221571740077326C /* MapView.swift */ = {isa = PBXFileReference; lastKnownFileType = sourcecode.swift; path = MapView.swift; sourceTree = "<group>"; };
		D1481EF8220E06F000879172 /* LoginView.swift */ = {isa = PBXFileReference; lastKnownFileType = sourcecode.swift; path = LoginView.swift; sourceTree = "<group>"; };
		D1481EFD220E177600879172 /* RegistratiView.swift */ = {isa = PBXFileReference; lastKnownFileType = sourcecode.swift; path = RegistratiView.swift; sourceTree = "<group>"; };
		D14CB7B8220D7E0F0041012E /* istamusic.app */ = {isa = PBXFileReference; explicitFileType = wrapper.application; includeInIndex = 0; path = istamusic.app; sourceTree = BUILT_PRODUCTS_DIR; };
		D14CB7BB220D7E0F0041012E /* AppDelegate.swift */ = {isa = PBXFileReference; lastKnownFileType = sourcecode.swift; path = AppDelegate.swift; sourceTree = "<group>"; };
		D14CB7BD220D7E0F0041012E /* ViewController.swift */ = {isa = PBXFileReference; lastKnownFileType = sourcecode.swift; path = ViewController.swift; sourceTree = "<group>"; };
		D14CB7C0220D7E0F0041012E /* Base */ = {isa = PBXFileReference; lastKnownFileType = file.storyboard; name = Base; path = Base.lproj/Main.storyboard; sourceTree = "<group>"; };
		D14CB7C3220D7E0F0041012E /* istamusic.xcdatamodel */ = {isa = PBXFileReference; lastKnownFileType = wrapper.xcdatamodel; path = istamusic.xcdatamodel; sourceTree = "<group>"; };
		D14CB7C5220D7E0F0041012E /* Assets.xcassets */ = {isa = PBXFileReference; lastKnownFileType = folder.assetcatalog; path = Assets.xcassets; sourceTree = "<group>"; };
		D14CB7C8220D7E0F0041012E /* Base */ = {isa = PBXFileReference; lastKnownFileType = file.storyboard; name = Base; path = Base.lproj/LaunchScreen.storyboard; sourceTree = "<group>"; };
		D14CB7CA220D7E0F0041012E /* Info.plist */ = {isa = PBXFileReference; lastKnownFileType = text.plist.xml; path = Info.plist; sourceTree = "<group>"; };
		D1D1C4EE220F21E70050014B /* CercaView.swift */ = {isa = PBXFileReference; lastKnownFileType = sourcecode.swift; path = CercaView.swift; sourceTree = "<group>"; };
		D1D1C4F0220F259D0050014B /* TableSingleCellCerca.swift */ = {isa = PBXFileReference; lastKnownFileType = sourcecode.swift; path = TableSingleCellCerca.swift; sourceTree = "<group>"; };
		D1D1C4F2220F2C4B0050014B /* Band.swift */ = {isa = PBXFileReference; lastKnownFileType = sourcecode.swift; path = Band.swift; sourceTree = "<group>"; };
		D1D1C4F4220F2E680050014B /* Evento.swift */ = {isa = PBXFileReference; lastKnownFileType = sourcecode.swift; path = Evento.swift; sourceTree = "<group>"; };
		D1D1C4F6220F2EBE0050014B /* Recensione.swift */ = {isa = PBXFileReference; lastKnownFileType = sourcecode.swift; path = Recensione.swift; sourceTree = "<group>"; };
		D1D1C4F922107EF50050014B /* DataBase.swift */ = {isa = PBXFileReference; lastKnownFileType = sourcecode.swift; path = DataBase.swift; sourceTree = "<group>"; };
		D1D1C4FB221191F80050014B /* EventiView.swift */ = {isa = PBXFileReference; lastKnownFileType = sourcecode.swift; path = EventiView.swift; sourceTree = "<group>"; };
		D1D1C50B2211F29E0050014B /* TableSingleGiornoEventi.swift */ = {isa = PBXFileReference; lastKnownFileType = sourcecode.swift; path = TableSingleGiornoEventi.swift; sourceTree = "<group>"; };
		D1D1C50D2211F2C30050014B /* TableSingleCellEventi.swift */ = {isa = PBXFileReference; lastKnownFileType = sourcecode.swift; path = TableSingleCellEventi.swift; sourceTree = "<group>"; };
		D1D1C50F221421A40050014B /* CollectionViewSingleCell.swift */ = {isa = PBXFileReference; lastKnownFileType = sourcecode.swift; path = CollectionViewSingleCell.swift; sourceTree = "<group>"; };
		D1D1C5112214229F0050014B /* BandView.swift */ = {isa = PBXFileReference; lastKnownFileType = sourcecode.swift; path = BandView.swift; sourceTree = "<group>"; };
		D1DE7F452215651100F61556 /* DettaglioBandView.swift */ = {isa = PBXFileReference; lastKnownFileType = sourcecode.swift; path = DettaglioBandView.swift; sourceTree = "<group>"; };
		D1DE7F472215A89D00F61556 /* TableSingleCellRecensioni.swift */ = {isa = PBXFileReference; lastKnownFileType = sourcecode.swift; path = TableSingleCellRecensioni.swift; sourceTree = "<group>"; };
		D1DE7F4A2215C88300F61556 /* MapKit.framework */ = {isa = PBXFileReference; lastKnownFileType = wrapper.framework; name = MapKit.framework; path = System/Library/Frameworks/MapKit.framework; sourceTree = SDKROOT; };
		D1DE7F4C2216F6D100F61556 /* CreaEventoView.swift */ = {isa = PBXFileReference; lastKnownFileType = sourcecode.swift; path = CreaEventoView.swift; sourceTree = "<group>"; };
		D1DE7F4E2216FFBE00F61556 /* ScriviRecensioneView.swift */ = {isa = PBXFileReference; lastKnownFileType = sourcecode.swift; path = ScriviRecensioneView.swift; sourceTree = "<group>"; };
		D1DE7F50221988A700F61556 /* Utente.swift */ = {isa = PBXFileReference; lastKnownFileType = sourcecode.swift; path = Utente.swift; sourceTree = "<group>"; };
		D1DE7F5222198A1000F61556 /* GestoreUtente.swift */ = {isa = PBXFileReference; lastKnownFileType = sourcecode.swift; path = GestoreUtente.swift; sourceTree = "<group>"; };
/* End PBXFileReference section */

/* Begin PBXFrameworksBuildPhase section */
		D14CB7B5220D7E0F0041012E /* Frameworks */ = {
			isa = PBXFrameworksBuildPhase;
			buildActionMask = 2147483647;
			files = (
				D1DE7F4B2215C88300F61556 /* MapKit.framework in Frameworks */,
			);
			runOnlyForDeploymentPostprocessing = 0;
		};
/* End PBXFrameworksBuildPhase section */

/* Begin PBXGroup section */
		D14CB7AF220D7E0F0041012E = {
			isa = PBXGroup;
			children = (
				D14CB7BA220D7E0F0041012E /* istamusic */,
				D14CB7B9220D7E0F0041012E /* Products */,
				D1DE7F492215C88300F61556 /* Frameworks */,
			);
			sourceTree = "<group>";
		};
		D14CB7B9220D7E0F0041012E /* Products */ = {
			isa = PBXGroup;
			children = (
				D14CB7B8220D7E0F0041012E /* istamusic.app */,
			);
			name = Products;
			sourceTree = "<group>";
		};
		D14CB7BA220D7E0F0041012E /* istamusic */ = {
			isa = PBXGroup;
			children = (
				D1D1C4FF22119B3E0050014B /* Core Class */,
				D1D1C4FE22119B2F0050014B /* Single cell */,
				D1D1C4FD22119A560050014B /* View */,
				D1D1C4F822107ED30050014B /* Fake Database */,
				D14CB7BB220D7E0F0041012E /* AppDelegate.swift */,
				D14CB7BD220D7E0F0041012E /* ViewController.swift */,
				D14CB7BF220D7E0F0041012E /* Main.storyboard */,
				D14CB7C5220D7E0F0041012E /* Assets.xcassets */,
				D14CB7C7220D7E0F0041012E /* LaunchScreen.storyboard */,
				D14CB7CA220D7E0F0041012E /* Info.plist */,
				D14CB7C2220D7E0F0041012E /* istamusic.xcdatamodeld */,
			);
			path = istamusic;
			sourceTree = "<group>";
		};
		D1D1C4F822107ED30050014B /* Fake Database */ = {
			isa = PBXGroup;
			children = (
				D1D1C4F922107EF50050014B /* DataBase.swift */,
				D1DE7F5222198A1000F61556 /* GestoreUtente.swift */,
			);
			path = "Fake Database";
			sourceTree = "<group>";
		};
		D1D1C4FD22119A560050014B /* View */ = {
			isa = PBXGroup;
			children = (
				D1D1C4FB221191F80050014B /* EventiView.swift */,
				D1481EFD220E177600879172 /* RegistratiView.swift */,
				D1481EF8220E06F000879172 /* LoginView.swift */,
				D1D1C4EE220F21E70050014B /* CercaView.swift */,
				D1D1C5112214229F0050014B /* BandView.swift */,
				834F5F3D221571740077326C /* MapView.swift */,
				D1DE7F452215651100F61556 /* DettaglioBandView.swift */,
				D1DE7F4C2216F6D100F61556 /* CreaEventoView.swift */,
				D1DE7F4E2216FFBE00F61556 /* ScriviRecensioneView.swift */,
			);
			path = View;
			sourceTree = "<group>";
		};
		D1D1C4FE22119B2F0050014B /* Single cell */ = {
			isa = PBXGroup;
			children = (
				D1D1C4F0220F259D0050014B /* TableSingleCellCerca.swift */,
				D1D1C50B2211F29E0050014B /* TableSingleGiornoEventi.swift */,
				D1D1C50D2211F2C30050014B /* TableSingleCellEventi.swift */,
				D1D1C50F221421A40050014B /* CollectionViewSingleCell.swift */,
				D1DE7F472215A89D00F61556 /* TableSingleCellRecensioni.swift */,
			);
			path = "Single cell";
			sourceTree = "<group>";
		};
		D1D1C4FF22119B3E0050014B /* Core Class */ = {
			isa = PBXGroup;
			children = (
				D1D1C4F2220F2C4B0050014B /* Band.swift */,
				D1D1C4F4220F2E680050014B /* Evento.swift */,
				D1D1C4F6220F2EBE0050014B /* Recensione.swift */,
				D1DE7F50221988A700F61556 /* Utente.swift */,
			);
			path = "Core Class";
			sourceTree = "<group>";
		};
		D1DE7F492215C88300F61556 /* Frameworks */ = {
			isa = PBXGroup;
			children = (
				D1DE7F4A2215C88300F61556 /* MapKit.framework */,
			);
			name = Frameworks;
			sourceTree = "<group>";
		};
/* End PBXGroup section */

/* Begin PBXNativeTarget section */
		D14CB7B7220D7E0F0041012E /* istamusic */ = {
			isa = PBXNativeTarget;
			buildConfigurationList = D14CB7CD220D7E0F0041012E /* Build configuration list for PBXNativeTarget "istamusic" */;
			buildPhases = (
				D14CB7B4220D7E0F0041012E /* Sources */,
				D14CB7B5220D7E0F0041012E /* Frameworks */,
				D14CB7B6220D7E0F0041012E /* Resources */,
			);
			buildRules = (
			);
			dependencies = (
			);
			name = istamusic;
			productName = istamusic;
			productReference = D14CB7B8220D7E0F0041012E /* istamusic.app */;
			productType = "com.apple.product-type.application";
		};
/* End PBXNativeTarget section */

/* Begin PBXProject section */
		D14CB7B0220D7E0F0041012E /* Project object */ = {
			isa = PBXProject;
			attributes = {
				LastSwiftUpdateCheck = 1010;
				LastUpgradeCheck = 1010;
				ORGANIZATIONNAME = "Creative Team";
				TargetAttributes = {
					D14CB7B7220D7E0F0041012E = {
						CreatedOnToolsVersion = 10.1;
						SystemCapabilities = {
							com.apple.Maps.iOS = {
								enabled = 1;
							};
						};
					};
				};
			};
			buildConfigurationList = D14CB7B3220D7E0F0041012E /* Build configuration list for PBXProject "istamusic" */;
			compatibilityVersion = "Xcode 9.3";
			developmentRegion = en;
			hasScannedForEncodings = 0;
			knownRegions = (
				en,
				Base,
			);
			mainGroup = D14CB7AF220D7E0F0041012E;
			productRefGroup = D14CB7B9220D7E0F0041012E /* Products */;
			projectDirPath = "";
			projectRoot = "";
			targets = (
				D14CB7B7220D7E0F0041012E /* istamusic */,
			);
		};
/* End PBXProject section */

/* Begin PBXResourcesBuildPhase section */
		D14CB7B6220D7E0F0041012E /* Resources */ = {
			isa = PBXResourcesBuildPhase;
			buildActionMask = 2147483647;
			files = (
				D14CB7C9220D7E0F0041012E /* LaunchScreen.storyboard in Resources */,
				D14CB7C6220D7E0F0041012E /* Assets.xcassets in Resources */,
				D14CB7C1220D7E0F0041012E /* Main.storyboard in Resources */,
			);
			runOnlyForDeploymentPostprocessing = 0;
		};
/* End PBXResourcesBuildPhase section */

/* Begin PBXSourcesBuildPhase section */
		D14CB7B4220D7E0F0041012E /* Sources */ = {
			isa = PBXSourcesBuildPhase;
			buildActionMask = 2147483647;
			files = (
				D14CB7BE220D7E0F0041012E /* ViewController.swift in Sources */,
				D1DE7F5322198A1000F61556 /* GestoreUtente.swift in Sources */,
				D1DE7F462215651100F61556 /* DettaglioBandView.swift in Sources */,
				D1D1C4FC221191F80050014B /* EventiView.swift in Sources */,
				D14CB7C4220D7E0F0041012E /* istamusic.xcdatamodeld in Sources */,
				D1DE7F4F2216FFBE00F61556 /* ScriviRecensioneView.swift in Sources */,
				D1D1C4F3220F2C4B0050014B /* Band.swift in Sources */,
				D1D1C4EF220F21E70050014B /* CercaView.swift in Sources */,
				D14CB7BC220D7E0F0041012E /* AppDelegate.swift in Sources */,
				D1D1C50C2211F29E0050014B /* TableSingleGiornoEventi.swift in Sources */,
				D1D1C50E2211F2C30050014B /* TableSingleCellEventi.swift in Sources */,
				D1481EF9220E06F000879172 /* LoginView.swift in Sources */,
				834F5F3E221571740077326C /* MapView.swift in Sources */,
				D1D1C5122214229F0050014B /* BandView.swift in Sources */,
				D1DE7F482215A89D00F61556 /* TableSingleCellRecensioni.swift in Sources */,
				D1D1C4FA22107EF50050014B /* DataBase.swift in Sources */,
				D1DE7F4D2216F6D100F61556 /* CreaEventoView.swift in Sources */,
				D1D1C4F5220F2E680050014B /* Evento.swift in Sources */,
				D1D1C4F1220F259D0050014B /* TableSingleCellCerca.swift in Sources */,
				D1DE7F51221988A700F61556 /* Utente.swift in Sources */,
				D1D1C4F7220F2EBE0050014B /* Recensione.swift in Sources */,
				D1481EFE220E177600879172 /* RegistratiView.swift in Sources */,
				D1D1C510221421A40050014B /* CollectionViewSingleCell.swift in Sources */,
			);
			runOnlyForDeploymentPostprocessing = 0;
		};
/* End PBXSourcesBuildPhase section */

/* Begin PBXVariantGroup section */
		D14CB7BF220D7E0F0041012E /* Main.storyboard */ = {
			isa = PBXVariantGroup;
			children = (
				D14CB7C0220D7E0F0041012E /* Base */,
			);
			name = Main.storyboard;
			sourceTree = "<group>";
		};
		D14CB7C7220D7E0F0041012E /* LaunchScreen.storyboard */ = {
			isa = PBXVariantGroup;
			children = (
				D14CB7C8220D7E0F0041012E /* Base */,
			);
			name = LaunchScreen.storyboard;
			sourceTree = "<group>";
		};
/* End PBXVariantGroup section */

/* Begin XCBuildConfiguration section */
		D14CB7CB220D7E0F0041012E /* Debug */ = {
			isa = XCBuildConfiguration;
			buildSettings = {
				ALWAYS_SEARCH_USER_PATHS = NO;
				CLANG_ANALYZER_NONNULL = YES;
				CLANG_ANALYZER_NUMBER_OBJECT_CONVERSION = YES_AGGRESSIVE;
				CLANG_CXX_LANGUAGE_STANDARD = "gnu++14";
				CLANG_CXX_LIBRARY = "libc++";
				CLANG_ENABLE_MODULES = YES;
				CLANG_ENABLE_OBJC_ARC = YES;
				CLANG_ENABLE_OBJC_WEAK = YES;
				CLANG_WARN_BLOCK_CAPTURE_AUTORELEASING = YES;
				CLANG_WARN_BOOL_CONVERSION = YES;
				CLANG_WARN_COMMA = YES;
				CLANG_WARN_CONSTANT_CONVERSION = YES;
				CLANG_WARN_DEPRECATED_OBJC_IMPLEMENTATIONS = YES;
				CLANG_WARN_DIRECT_OBJC_ISA_USAGE = YES_ERROR;
				CLANG_WARN_DOCUMENTATION_COMMENTS = YES;
				CLANG_WARN_EMPTY_BODY = YES;
				CLANG_WARN_ENUM_CONVERSION = YES;
				CLANG_WARN_INFINITE_RECURSION = YES;
				CLANG_WARN_INT_CONVERSION = YES;
				CLANG_WARN_NON_LITERAL_NULL_CONVERSION = YES;
				CLANG_WARN_OBJC_IMPLICIT_RETAIN_SELF = YES;
				CLANG_WARN_OBJC_LITERAL_CONVERSION = YES;
				CLANG_WARN_OBJC_ROOT_CLASS = YES_ERROR;
				CLANG_WARN_RANGE_LOOP_ANALYSIS = YES;
				CLANG_WARN_STRICT_PROTOTYPES = YES;
				CLANG_WARN_SUSPICIOUS_MOVE = YES;
				CLANG_WARN_UNGUARDED_AVAILABILITY = YES_AGGRESSIVE;
				CLANG_WARN_UNREACHABLE_CODE = YES;
				CLANG_WARN__DUPLICATE_METHOD_MATCH = YES;
				CODE_SIGN_IDENTITY = "iPhone Developer";
				COPY_PHASE_STRIP = NO;
				DEBUG_INFORMATION_FORMAT = dwarf;
				ENABLE_STRICT_OBJC_MSGSEND = YES;
				ENABLE_TESTABILITY = YES;
				GCC_C_LANGUAGE_STANDARD = gnu11;
				GCC_DYNAMIC_NO_PIC = NO;
				GCC_NO_COMMON_BLOCKS = YES;
				GCC_OPTIMIZATION_LEVEL = 0;
				GCC_PREPROCESSOR_DEFINITIONS = (
					"DEBUG=1",
					"$(inherited)",
				);
				GCC_WARN_64_TO_32_BIT_CONVERSION = YES;
				GCC_WARN_ABOUT_RETURN_TYPE = YES_ERROR;
				GCC_WARN_UNDECLARED_SELECTOR = YES;
				GCC_WARN_UNINITIALIZED_AUTOS = YES_AGGRESSIVE;
				GCC_WARN_UNUSED_FUNCTION = YES;
				GCC_WARN_UNUSED_VARIABLE = YES;
				IPHONEOS_DEPLOYMENT_TARGET = 12.1;
				MTL_ENABLE_DEBUG_INFO = INCLUDE_SOURCE;
				MTL_FAST_MATH = YES;
				ONLY_ACTIVE_ARCH = YES;
				SDKROOT = iphoneos;
				SWIFT_ACTIVE_COMPILATION_CONDITIONS = DEBUG;
				SWIFT_OPTIMIZATION_LEVEL = "-Onone";
			};
			name = Debug;
		};
		D14CB7CC220D7E0F0041012E /* Release */ = {
			isa = XCBuildConfiguration;
			buildSettings = {
				ALWAYS_SEARCH_USER_PATHS = NO;
				CLANG_ANALYZER_NONNULL = YES;
				CLANG_ANALYZER_NUMBER_OBJECT_CONVERSION = YES_AGGRESSIVE;
				CLANG_CXX_LANGUAGE_STANDARD = "gnu++14";
				CLANG_CXX_LIBRARY = "libc++";
				CLANG_ENABLE_MODULES = YES;
				CLANG_ENABLE_OBJC_ARC = YES;
				CLANG_ENABLE_OBJC_WEAK = YES;
				CLANG_WARN_BLOCK_CAPTURE_AUTORELEASING = YES;
				CLANG_WARN_BOOL_CONVERSION = YES;
				CLANG_WARN_COMMA = YES;
				CLANG_WARN_CONSTANT_CONVERSION = YES;
				CLANG_WARN_DEPRECATED_OBJC_IMPLEMENTATIONS = YES;
				CLANG_WARN_DIRECT_OBJC_ISA_USAGE = YES_ERROR;
				CLANG_WARN_DOCUMENTATION_COMMENTS = YES;
				CLANG_WARN_EMPTY_BODY = YES;
				CLANG_WARN_ENUM_CONVERSION = YES;
				CLANG_WARN_INFINITE_RECURSION = YES;
				CLANG_WARN_INT_CONVERSION = YES;
				CLANG_WARN_NON_LITERAL_NULL_CONVERSION = YES;
				CLANG_WARN_OBJC_IMPLICIT_RETAIN_SELF = YES;
				CLANG_WARN_OBJC_LITERAL_CONVERSION = YES;
				CLANG_WARN_OBJC_ROOT_CLASS = YES_ERROR;
				CLANG_WARN_RANGE_LOOP_ANALYSIS = YES;
				CLANG_WARN_STRICT_PROTOTYPES = YES;
				CLANG_WARN_SUSPICIOUS_MOVE = YES;
				CLANG_WARN_UNGUARDED_AVAILABILITY = YES_AGGRESSIVE;
				CLANG_WARN_UNREACHABLE_CODE = YES;
				CLANG_WARN__DUPLICATE_METHOD_MATCH = YES;
				CODE_SIGN_IDENTITY = "iPhone Developer";
				COPY_PHASE_STRIP = NO;
				DEBUG_INFORMATION_FORMAT = "dwarf-with-dsym";
				ENABLE_NS_ASSERTIONS = NO;
				ENABLE_STRICT_OBJC_MSGSEND = YES;
				GCC_C_LANGUAGE_STANDARD = gnu11;
				GCC_NO_COMMON_BLOCKS = YES;
				GCC_WARN_64_TO_32_BIT_CONVERSION = YES;
				GCC_WARN_ABOUT_RETURN_TYPE = YES_ERROR;
				GCC_WARN_UNDECLARED_SELECTOR = YES;
				GCC_WARN_UNINITIALIZED_AUTOS = YES_AGGRESSIVE;
				GCC_WARN_UNUSED_FUNCTION = YES;
				GCC_WARN_UNUSED_VARIABLE = YES;
				IPHONEOS_DEPLOYMENT_TARGET = 12.1;
				MTL_ENABLE_DEBUG_INFO = NO;
				MTL_FAST_MATH = YES;
				SDKROOT = iphoneos;
				SWIFT_COMPILATION_MODE = wholemodule;
				SWIFT_OPTIMIZATION_LEVEL = "-O";
				VALIDATE_PRODUCT = YES;
			};
			name = Release;
		};
		D14CB7CE220D7E0F0041012E /* Debug */ = {
			isa = XCBuildConfiguration;
			buildSettings = {
				ASSETCATALOG_COMPILER_APPICON_NAME = AppIcon;
				CODE_SIGN_STYLE = Automatic;
				DEVELOPMENT_TEAM = 5C7T94XW28;
				INFOPLIST_FILE = istamusic/Info.plist;
				LD_RUNPATH_SEARCH_PATHS = (
					"$(inherited)",
					"@executable_path/Frameworks",
				);
				PRODUCT_BUNDLE_IDENTIFIER = sorianostefano;
				PRODUCT_NAME = "$(TARGET_NAME)";
				SWIFT_VERSION = 4.2;
				TARGETED_DEVICE_FAMILY = "1,2";
			};
			name = Debug;
		};
		D14CB7CF220D7E0F0041012E /* Release */ = {
			isa = XCBuildConfiguration;
			buildSettings = {
				ASSETCATALOG_COMPILER_APPICON_NAME = AppIcon;
				CODE_SIGN_STYLE = Automatic;
				DEVELOPMENT_TEAM = 5C7T94XW28;
				INFOPLIST_FILE = istamusic/Info.plist;
				LD_RUNPATH_SEARCH_PATHS = (
					"$(inherited)",
					"@executable_path/Frameworks",
				);
				PRODUCT_BUNDLE_IDENTIFIER = sorianostefano;
				PRODUCT_NAME = "$(TARGET_NAME)";
				SWIFT_VERSION = 4.2;
				TARGETED_DEVICE_FAMILY = "1,2";
			};
			name = Release;
		};
/* End XCBuildConfiguration section */

/* Begin XCConfigurationList section */
		D14CB7B3220D7E0F0041012E /* Build configuration list for PBXProject "istamusic" */ = {
			isa = XCConfigurationList;
			buildConfigurations = (
				D14CB7CB220D7E0F0041012E /* Debug */,
				D14CB7CC220D7E0F0041012E /* Release */,
			);
			defaultConfigurationIsVisible = 0;
			defaultConfigurationName = Release;
		};
		D14CB7CD220D7E0F0041012E /* Build configuration list for PBXNativeTarget "istamusic" */ = {
			isa = XCConfigurationList;
			buildConfigurations = (
				D14CB7CE220D7E0F0041012E /* Debug */,
				D14CB7CF220D7E0F0041012E /* Release */,
			);
			defaultConfigurationIsVisible = 0;
			defaultConfigurationName = Release;
		};
/* End XCConfigurationList section */

/* Begin XCVersionGroup section */
		D14CB7C2220D7E0F0041012E /* istamusic.xcdatamodeld */ = {
			isa = XCVersionGroup;
			children = (
				D14CB7C3220D7E0F0041012E /* istamusic.xcdatamodel */,
			);
			currentVersion = D14CB7C3220D7E0F0041012E /* istamusic.xcdatamodel */;
			path = istamusic.xcdatamodeld;
			sourceTree = "<group>";
			versionGroupType = wrapper.xcdatamodel;
		};
/* End XCVersionGroup section */
	};
	rootObject = D14CB7B0220D7E0F0041012E /* Project object */;
}
